<?xml version="1.0" encoding="utf-8"?>
<Project ToolsVersion="4.0" xmlns="http://schemas.microsoft.com/developer/msbuild/2003">
  <ItemGroup>
    <ClCompile Include="popt.c">
      <Filter>Source Files</Filter>
    </ClCompile>
    <ClCompile Include="poptparse.c">
      <Filter>Source Files</Filter>
    </ClCompile>
    <ClCompile Include="poptconfig.c">
      <Filter>Source Files</Filter>
    </ClCompile>
    <ClCompile Include="popthelp.c">
      <Filter>Source Files</Filter>
    </ClCompile>
    <ClCompile Include="poptint.c">
      <Filter>Source Files</Filter>
    </ClCompile>
  </ItemGroup>
  <ItemGroup>
    <ClInclude Include="popt.h">
      <Filter>Header Files</Filter>
    </ClInclude>
  </ItemGroup>
  <ItemGroup>
  </ItemGroup>
  <ItemGroup>
  </ItemGroup>
  <ItemGroup>
    <CustomBuild Include="CMakeLists.txt" />
  </ItemGroup>
  <ItemGroup>
    <Filter Include="Source Files">
      <UniqueIdentifier>{7DCC5E17-AF3C-4640-99CA-441AB5797DA4}</UniqueIdentifier>
    </Filter>
    <Filter Include="Header Files">
      <UniqueIdentifier>{D2B8EE85-A1D3-415A-AEA7-9AE44F117159}</UniqueIdentifier>
    </Filter>
  </ItemGroup>
  <ItemGroup>
  </ItemGroup>
</Project>
